
Microsoft Visual Studio Solution File, Format Version 12.00
# Visual Studio Version 17
VisualStudioVersion = 17.14.36121.58 d17.14
MinimumVisualStudioVersion = 10.0.40219.1
Project("{FAE04EC0-301F-11D3-BF4B-00C04F79EFBC}") = "Home360", "Home360\Home360.csproj", "{531E3B6C-5927-402D-A6E5-E1EA76187297}"
EndProject
Global
	GlobalSection(SolutionConfigurationPlatforms) = preSolution
		Debug|Any CPU = Debug|Any CPU
		Release|Any CPU = Release|Any CPU
	EndGlobalSection
	GlobalSection(ProjectConfigurationPlatforms) = postSolution
		{531E3B6C-5927-402D-A6E5-E1EA76187297}.Debug|Any CPU.ActiveCfg = Debug|Any CPU
		{531E3B6C-5927-402D-A6E5-E1EA76187297}.Debug|Any CPU.Build.0 = Debug|Any CPU
		{531E3B6C-5927-402D-A6E5-E1EA76187297}.Release|Any CPU.ActiveCfg = Release|Any CPU
		{531E3B6C-5927-402D-A6E5-E1EA76187297}.Release|Any CPU.Build.0 = Release|Any CPU
	EndGlobalSection
	GlobalSection(SolutionProperties) = preSolution
		HideSolutionNode = FALSE
	EndGlobalSection
	GlobalSection(ExtensibilityGlobals) = postSolution
		SolutionGuid = {CE9545D3-1A38-482B-95A1-4F10127D8BD8}
	EndGlobalSection
EndGlobal
